
Microsoft Visual Studio Solution File, Format Version 12.00
# Visual Studio Version 17
VisualStudioVersion = 17.9.34728.123
MinimumVisualStudioVersion = 10.0.40219.1
Project("{FAE04EC0-301F-11D3-BF4B-00C04F79EFBC}") = "LABO JUMBO", "LABO JUMBO\LABO JUMBO.csproj", "{4511BDF8-E45A-4123-9168-34E5749AB6A7}"
EndProject
Global
	GlobalSection(SolutionConfigurationPlatforms) = preSolution
		Debug|Any CPU = Debug|Any CPU
		Release|Any CPU = Release|Any CPU
	EndGlobalSection
	GlobalSection(ProjectConfigurationPlatforms) = postSolution
		{4511BDF8-E45A-4123-9168-34E5749AB6A7}.Debug|Any CPU.ActiveCfg = Debug|Any CPU
		{4511BDF8-E45A-4123-9168-34E5749AB6A7}.Debug|Any CPU.Build.0 = Debug|Any CPU
		{4511BDF8-E45A-4123-9168-34E5749AB6A7}.Release|Any CPU.ActiveCfg = Release|Any CPU
		{4511BDF8-E45A-4123-9168-34E5749AB6A7}.Release|Any CPU.Build.0 = Release|Any CPU
	EndGlobalSection
	GlobalSection(SolutionProperties) = preSolution
		HideSolutionNode = FALSE
	EndGlobalSection
	GlobalSection(ExtensibilityGlobals) = postSolution
		SolutionGuid = {4CAACF61-E891-4651-A403-9AA788E84FDF}
	EndGlobalSection
EndGlobal
